{"SurveyEntry":{"SurveyID":"SV_bKGbSgTN1rqlQG2","SurveyName":"[Exp 1] Cluster of Insight","SurveyDescription":null,"SurveyOwnerID":"UR_a33UH4D9NPYNA57","SurveyBrandID":"cognitionens","DivisionID":null,"SurveyLanguage":"EN","SurveyActiveResponseSet":"RS_6G3sptlUavguY74","SurveyStatus":"Active","SurveyStartDate":"0000-00-00 00:00:00","SurveyExpirationDate":"0000-00-00 00:00:00","SurveyCreationDate":"2024-03-01 03:48:13","CreatorID":"UR_a33UH4D9NPYNA57","LastModified":"2025-01-24 06:20:28","LastAccessed":"0000-00-00 00:00:00","LastActivated":"2024-03-13 04:19:03","Deleted":null},"SurveyElements":[{"SurveyID":"SV_bKGbSgTN1rqlQG2","Element":"FL","PrimaryAttribute":"Survey Flow","SecondaryAttribute":null,"TertiaryAttribute":null,"Payload":{"Type":"Root","FlowID":"FL_1","Flow":[{"Type":"EmbeddedData","FlowID":"FL_2","EmbeddedData":[{"Description":"PROLIFIC_PID","Type":"Recipient","Field":"PROLIFIC_PID","VariableType":"String","DataVisibility":[],"AnalyzeText":false}]},{"Type":"Standard","ID":"BL_bfM9RzeP6PB5TvM","FlowID":"FL_3","Autofill":[]},{"Type":"Standard","ID":"BL_5pdPSAFLAQ5tRpc","FlowID":"FL_4","Autofill":[]},{"Type":"Standard","ID":"BL_bqGQ1Flj5uNCWr4","FlowID":"FL_5","Autofill":[]},{"Type":"Standard","ID":"BL_6RS9Aywo3TgQRtY","FlowID":"FL_6","Autofill":[]},{"Type":"Standard","ID":"BL_exIbKey63SZZ5Xg","FlowID":"FL_9","Autofill":[]}],"Properties":{"Count":9,"RemovedFieldsets":[]}}},{"SurveyID":"SV_bKGbSgTN1rqlQG2","Element":"STAT","PrimaryAttribute":"Survey Statistics","SecondaryAttribute":null,"TertiaryAttribute":null,"Payload":{"MobileCompatible":true,"ID":"Survey Statistics"}},{"SurveyID":"SV_bKGbSgTN1rqlQG2","Element":"SO","PrimaryAttribute":"Survey Options","SecondaryAttribute":null,"TertiaryAttribute":null,"Payload":{"BackButton":"false","SaveAndContinue":"true","SurveyProtection":"PublicSurvey","BallotBoxStuffingPrevention":"false","NoIndex":"Yes","SecureResponseFiles":"true","SurveyExpiration":"None","SurveyTermination":"Redirect","Header":"","Footer":"","ProgressBarDisplay":"None","PartialData":"+1 week","ValidationMessage":null,"PreviousButton":" \u2190 ","NextButton":" \u2192 ","SurveyTitle":"Qualtrics Survey | Qualtrics Experience Management","SkinLibrary":"cognitionens","SkinType":"templated","Skin":{"brandingId":null,"templateId":"*base","overrides":{"questionText":{"size":"22px"}}},"NewScoring":1,"SurveyMetaDescription":"The most powerful, simple and trusted way to gather experience data. Start your journey to experience management and try a free account today.","CustomStyles":[],"EOSMessage":null,"ShowExportTags":"false","CollectGeoLocation":"false","PasswordProtection":"No","AnonymizeResponse":"No","RefererCheck":"No","BallotBoxStuffingPreventionBehavior":null,"BallotBoxStuffingPreventionMessage":null,"BallotBoxStuffingPreventionMessageLibrary":null,"BallotBoxStuffingPreventionURL":null,"RecaptchaV3":"false","ConfirmStart":false,"AutoConfirmStart":false,"RelevantID":"false","RelevantIDLockoutPeriod":"+30 days","UseCustomSurveyLinkCompletedMessage":null,"SurveyLinkCompletedMessage":null,"SurveyLinkCompletedMessageLibrary":null,"ResponseSummary":"No","EOSMessageLibrary":null,"EOSRedirectURL":"https:\/\/app.prolific.com\/submissions\/complete?cc=C9DO6R16","EmailThankYou":"false","ThankYouEmailMessageLibrary":null,"ThankYouEmailMessage":null,"ValidateMessage":"false","ValidationMessageLibrary":null,"InactiveSurvey":null,"PartialDeletion":null,"PartialDataCloseAfter":"LastActivity","InactiveMessageLibrary":null,"InactiveMessage":null,"AvailableLanguages":{"EN":[]},"ProtectSelectionIds":true,"SurveyName":"[Exp 1] Cluster of Insight"}},{"SurveyID":"SV_bKGbSgTN1rqlQG2","Element":"SCO","PrimaryAttribute":"Scoring","SecondaryAttribute":null,"TertiaryAttribute":null,"Payload":{"ScoringCategories":[],"ScoringCategoryGroups":[],"ScoringSummaryCategory":null,"ScoringSummaryAfterQuestions":0,"ScoringSummaryAfterSurvey":0,"DefaultScoringCategory":null,"AutoScoringCategory":null}},{"SurveyID":"SV_bKGbSgTN1rqlQG2","Element":"RS","PrimaryAttribute":"RS_6G3sptlUavguY74","SecondaryAttribute":null,"TertiaryAttribute":null,"Payload":null},{"SurveyID":"SV_bKGbSgTN1rqlQG2","Element":"PROJ","PrimaryAttribute":"CORE","SecondaryAttribute":null,"TertiaryAttribute":"1.1.0","Payload":{"ProjectCategory":"CORE","SchemaVersion":"1.1.0"}},{"SurveyID":"SV_bKGbSgTN1rqlQG2","Element":"BL","PrimaryAttribute":"Survey Blocks","SecondaryAttribute":null,"TertiaryAttribute":null,"Payload":{"1":{"Type":"Trash","Description":"Trash \/ Unused Questions","ID":"BL_d4K8By1skw5Sx0O","BlockElements":[{"Type":"Question","QuestionID":"QID1214988210"},{"Type":"Question","QuestionID":"QID19"},{"Type":"Question","QuestionID":"QID7"},{"Type":"Question","QuestionID":"QID17"},{"Type":"Question","QuestionID":"QID10"},{"Type":"Question","QuestionID":"QID20"},{"Type":"Question","QuestionID":"QID11"},{"Type":"Question","QuestionID":"QID21"},{"Type":"Question","QuestionID":"QID12"},{"Type":"Question","QuestionID":"QID22"},{"Type":"Question","QuestionID":"QID13"},{"Type":"Question","QuestionID":"QID23"},{"Type":"Question","QuestionID":"QID14"},{"Type":"Question","QuestionID":"QID24"},{"Type":"Question","QuestionID":"QID25"},{"Type":"Question","QuestionID":"QID1"},{"Type":"Question","QuestionID":"QID8"},{"Type":"Question","QuestionID":"QID9"},{"Type":"Question","QuestionID":"QID15"},{"Type":"Question","QuestionID":"QID16"},{"Type":"Question","QuestionID":"QID18"},{"Type":"Question","QuestionID":"QID39"},{"Type":"Question","QuestionID":"QID1215179058"}],"Options":{"BlockLocking":"false","RandomizeQuestions":"false","BlockVisibility":"Collapsed"}},"2":{"Type":"Standard","SubType":"","Description":"Attention check","ID":"BL_5pdPSAFLAQ5tRpc","Options":{"BlockLocking":false,"RandomizeQuestions":"false","BlockVisibility":"Collapsed"},"BlockElements":[{"Type":"Question","QuestionID":"QID1214988209"}]},"4":{"Type":"Standard","Description":"Consent form","ID":"BL_bfM9RzeP6PB5TvM","BlockElements":[{"Type":"Question","QuestionID":"QID1214988211"}],"Options":{"BlockLocking":false,"RandomizeQuestions":"false","BlockVisibility":"Collapsed"}},"6":{"Type":"Standard","SubType":"","Description":"Explications_of_study","ID":"BL_bqGQ1Flj5uNCWr4","Options":{"BlockLocking":false,"RandomizeQuestions":"false","BlockVisibility":"Collapsed"},"BlockElements":[{"Type":"Question","QuestionID":"QID1214988232"},{"Type":"Question","QuestionID":"QID6"}]},"8":{"Type":"Standard","SubType":"","Description":"Trope_task","ID":"BL_9t6BjdSDg6IdwIm","BlockElements":[{"Type":"Question","QuestionID":"QID40"},{"Type":"Question","QuestionID":"QID41"},{"Type":"Page Break"},{"Type":"Question","QuestionID":"QID42"},{"Type":"Question","QuestionID":"QID43"}],"Options":{"BlockLocking":"false","RandomizeQuestions":"false","BlockVisibility":"Collapsed"}},"9":{"Type":"Standard","SubType":"","Description":"Questionnaire how much","ID":"BL_6RS9Aywo3TgQRtY","BlockElements":[{"Type":"Question","QuestionID":"QID26"},{"Type":"Question","QuestionID":"QID27"},{"Type":"Question","QuestionID":"QID28"},{"Type":"Page Break"},{"Type":"Question","QuestionID":"QID29"},{"Type":"Question","QuestionID":"QID30"},{"Type":"Page Break"},{"Type":"Question","QuestionID":"QID31"},{"Type":"Question","QuestionID":"QID32"},{"Type":"Page Break"},{"Type":"Question","QuestionID":"QID33"},{"Type":"Question","QuestionID":"QID34"},{"Type":"Page Break"},{"Type":"Question","QuestionID":"QID35"},{"Type":"Question","QuestionID":"QID36"},{"Type":"Page Break"},{"Type":"Question","QuestionID":"QID37"},{"Type":"Question","QuestionID":"QID38"}],"Options":{"BlockLocking":"false","RandomizeQuestions":"false","BlockVisibility":"Expanded"}},"10":{"Type":"Standard","SubType":"","Description":"Demographics","ID":"BL_8kd7PVnz4XYasOW"},"11":{"Type":"Standard","SubType":"","Description":"Demographics","ID":"BL_exIbKey63SZZ5Xg","BlockElements":[{"Type":"Question","QuestionID":"QID1215179055"},{"Type":"Question","QuestionID":"QID1215179056"},{"Type":"Question","QuestionID":"QID1215179057"},{"Type":"Question","QuestionID":"QID50"},{"Type":"Page Break"},{"Type":"Question","QuestionID":"QID44"},{"Type":"Question","QuestionID":"QID1215179059"}],"Options":{"BlockLocking":false,"RandomizeQuestions":"false","BlockVisibility":"Collapsed"}}}},{"SurveyID":"SV_bKGbSgTN1rqlQG2","Element":"PL","PrimaryAttribute":"Preview Link","SecondaryAttribute":null,"TertiaryAttribute":null,"Payload":{"PreviewType":"Brand","PreviewID":"e1151a3a-3d19-4a62-848b-3443f6b1f454"}},{"SurveyID":"SV_bKGbSgTN1rqlQG2","Element":"QC","PrimaryAttribute":"Survey Question Count","SecondaryAttribute":"50","TertiaryAttribute":null,"Payload":null},{"SurveyID":"SV_bKGbSgTN1rqlQG2","Element":"SQ","PrimaryAttribute":"QID1215179055","SecondaryAttribute":"Before finishing, please provide the following information. Once you are done with these question...","TertiaryAttribute":null,"Payload":{"QuestionText":"<div><div>Before finishing, please provide the following information. Once you are done with these questions, please <strong>do not forget to press the arrow to complete the survey and get your completion code.<\/strong><\/div>\n<\/div>","QuestionType":"MC","Selector":"SAVR","SubSelector":"TX","DataVisibility":{"Private":false,"Hidden":false},"Configuration":{"QuestionDescriptionOption":"UseText"},"QuestionDescription":"Before finishing, please provide the following information. Once you are done with these question...","Choices":[],"ChoiceOrder":[],"Validation":{"Settings":{"ForceResponse":"ON","ForceResponseType":"ON","Type":"None"}},"Language":[],"NextChoiceId":1,"NextAnswerId":1,"QuestionText_Unsafe":"<div><div>Before finishing, please provide the following information. Once you are done with these questions, please <strong>do not forget to press the arrow to complete the survey and get your completion code.<\/strong><\/div>\n<\/div>","DataExportTag":"Q1","QuestionID":"QID1215179055"}},{"SurveyID":"SV_bKGbSgTN1rqlQG2","Element":"SQ","PrimaryAttribute":"QID1","SecondaryAttribute":"Click to write the question text","TertiaryAttribute":null,"Payload":{"QuestionText":"Click to write the question text","DataExportTag":"Q1","QuestionType":"MC","Selector":"SAVR","SubSelector":"TX","DataVisibility":{"Private":false,"Hidden":false},"Configuration":{"QuestionDescriptionOption":"UseText"},"QuestionDescription":"Click to write the question text","Choices":{"1":{"Display":"Click to write Choice 1"},"2":{"Display":"Click to write Choice 2"},"3":{"Display":"Click to write Choice 3"}},"ChoiceOrder":["1","2","3"],"Validation":{"Settings":{"ForceResponse":"OFF","Type":"None"}},"Language":[],"NextChoiceId":4,"NextAnswerId":1,"QuestionID":"QID1"}},{"SurveyID":"SV_bKGbSgTN1rqlQG2","Element":"SQ","PrimaryAttribute":"QID9","SecondaryAttribute":"Click to write the question text","TertiaryAttribute":null,"Payload":{"QuestionText":"Click to write the question text","DefaultChoices":false,"DataExportTag":"Q9","QuestionType":"MC","Selector":"SAVR","SubSelector":"TX","DataVisibility":{"Private":false,"Hidden":false},"Configuration":{"QuestionDescriptionOption":"UseText"},"QuestionDescription":"Click to write the question text","Choices":{"1":{"Display":"Click to write Choice 1"},"2":{"Display":"Click to write Choice 2"},"3":{"Display":"Click to write Choice 3"}},"ChoiceOrder":["1","2","3"],"Validation":{"Settings":{"ForceResponse":"OFF","Type":"None"}},"GradingData":[],"Language":[],"NextChoiceId":4,"NextAnswerId":1,"QuestionID":"QID9"}},{"SurveyID":"SV_bKGbSgTN1rqlQG2","Element":"SQ","PrimaryAttribute":"QID8","SecondaryAttribute":"Click to write the question text","TertiaryAttribute":null,"Payload":{"QuestionText":"Click to write the question text","DefaultChoices":false,"DataExportTag":"Puzzle_regularity_1","QuestionType":"MC","Selector":"SAVR","SubSelector":"TX","DataVisibility":{"Private":false,"Hidden":false},"Configuration":{"QuestionDescriptionOption":"UseText","Autoscale":{"YScale":{"Name":"yesNo","Type":"likert","Reverse":false}}},"QuestionDescription":"Click to write the question text","Choices":{"1":{"Display":"Definitely not"},"2":{"Display":"Probably not"},"3":{"Display":"Might or might not"},"4":{"Display":"Probably yes"},"5":{"Display":"Definitely yes"}},"ChoiceOrder":["1","2","3","4","5"],"Validation":{"Settings":{"ForceResponse":"OFF","Type":"None"}},"GradingData":[],"Language":[],"NextChoiceId":6,"NextAnswerId":1,"QuestionID":"QID8"}},{"SurveyID":"SV_bKGbSgTN1rqlQG2","Element":"SQ","PrimaryAttribute":"QID18","SecondaryAttribute":"Click to write the question text","TertiaryAttribute":null,"Payload":{"QuestionText":"Click to write the question text","DefaultChoices":false,"DataExportTag":"Q18","QuestionType":"TE","Selector":"SL","DataVisibility":{"Private":false,"Hidden":false},"Configuration":{"QuestionDescriptionOption":"UseText"},"QuestionDescription":"Click to write the question text","Validation":{"Settings":{"ForceResponse":"OFF","Type":"None"}},"GradingData":[],"Language":[],"NextChoiceId":4,"NextAnswerId":1,"SearchSource":{"AllowFreeResponse":"false"},"QuestionID":"QID18"}},{"SurveyID":"SV_bKGbSgTN1rqlQG2","Element":"SQ","PrimaryAttribute":"QID16","SecondaryAttribute":"Click to write the question text","TertiaryAttribute":null,"Payload":{"QuestionText":"Click to write the question text","DefaultChoices":false,"DataExportTag":"Q16","QuestionType":"DB","Selector":"TB","DataVisibility":{"Private":false,"Hidden":false},"Configuration":{"QuestionDescriptionOption":"UseText"},"QuestionDescription":"Click to write the question text","ChoiceOrder":[],"Validation":{"Settings":{"Type":"None"}},"GradingData":[],"Language":[],"NextChoiceId":4,"NextAnswerId":1,"QuestionID":"QID16"}},{"SurveyID":"SV_bKGbSgTN1rqlQG2","Element":"SQ","PrimaryAttribute":"QID15","SecondaryAttribute":"Click to write the question text","TertiaryAttribute":null,"Payload":{"QuestionText":"Click to write the question text","DefaultChoices":false,"DataExportTag":"Q15","QuestionType":"Matrix","Selector":"Likert","SubSelector":"SingleAnswer","DataVisibility":{"Private":false,"Hidden":false},"Configuration":{"QuestionDescriptionOption":"UseText","TextPosition":"inline","ChoiceColumnWidth":25,"RepeatHeaders":"none","WhiteSpace":"OFF","MobileFirst":true},"QuestionDescription":"Click to write the question text","Choices":{"1":{"Display":"Click to write Statement 1"},"2":{"Display":"Click to write Statement 2"},"3":{"Display":"Click to write Statement 3"}},"ChoiceOrder":["1","2","3"],"Validation":{"Settings":{"ForceResponse":"OFF","Type":"None"}},"GradingData":[],"Language":[],"NextChoiceId":4,"NextAnswerId":4,"Answers":{"1":{"Display":"Click to write Scale Point 1"},"2":{"Display":"Click to write Scale Point 2"},"3":{"Display":"Click to write Scale Point 3"}},"AnswerOrder":["1","2","3"],"ChoiceDataExportTags":false,"QuestionID":"QID15"}},{"SurveyID":"SV_bKGbSgTN1rqlQG2","Element":"SQ","PrimaryAttribute":"QID44","SecondaryAttribute":"Do you have any further comments for us? If you have experienced any problems during the survey,...","TertiaryAttribute":null,"Payload":{"QuestionText":"Do you have any further comments for us?<br><br>If you have experienced any problems during the survey, please let us know.","DefaultChoices":false,"DataExportTag":"comments","QuestionType":"TE","Selector":"SL","DataVisibility":{"Private":false,"Hidden":false},"Configuration":{"QuestionDescriptionOption":"UseText"},"QuestionDescription":"Do you have any further comments for us? If you have experienced any problems during the survey,...","Validation":{"Settings":{"ForceResponse":"OFF","Type":"None"}},"GradingData":[],"Language":[],"NextChoiceId":4,"NextAnswerId":1,"SearchSource":{"AllowFreeResponse":"false"},"QuestionID":"QID44"}},{"SurveyID":"SV_bKGbSgTN1rqlQG2","Element":"SQ","PrimaryAttribute":"QID41","SecondaryAttribute":"Do you think that such an event is likely to generate a feeling of insight, when they feature in...","TertiaryAttribute":null,"Payload":{"QuestionText":"Do you think that such an event is likely to generate a feeling of insight, when they feature in a story (movies, TV series, novels, etc.)?","DefaultChoices":false,"DataExportTag":"Trope","QuestionType":"Matrix","Selector":"Likert","SubSelector":"SACV","DataVisibility":{"Private":false,"Hidden":false},"Configuration":{"QuestionDescriptionOption":"UseText","TextPosition":"inline","ChoiceColumnWidth":25,"RepeatHeaders":"none","MobileFirst":true,"ShowProgress":true,"AutoadvanceStatements":true},"QuestionDescription":"Do you think that such an event is likely to generate a feeling of insight, when they feature in...","Choices":{"1":{"Display":"<strong>The Unexpected Villain<\/strong>: A character previously thought to be nice or neutral is suddenly revealed to be the bad guy."},"2":{"Display":"<b id=\"docs-internal-guid-58f3ab04-7fff-419e-11a7-db68cd5b9299\">Secret Society Revealed: <\/b>There is a revelation that a secret group has been influencing events from the beginning."},"3":{"Display":"<strong>Character Swap<\/strong>: Two characters are revealed to have switched places earlier in the story."},"4":{"Display":"<strong>The Protector Revealed<\/strong>: A seemingly inconsequential character is unveiled as the protagonist&rsquo;s secret protector."},"5":{"Display":"<strong>The Ending Changes Everything<\/strong>: A final twist or revelation dramatically alters the audience&#39;s understanding of the entire story, making them see the plot and characters in a new light."},"6":{"Display":"<b id=\"docs-internal-guid-9ded17a1-7fff-d9ce-2cbd-d0061726a870\">The Big Race: <\/b>Characters compete in a pivotal race that tests their skills and determination."},"7":{"Display":"<p dir=\"ltr\" role=\"presentation\"><b id=\"docs-internal-guid-c189bb2f-7fff-14b7-7897-d249312617c5\">Masquerade Ball: <\/b>A lavish, secretive event where characters wear masks, allowing for hidden identities.<\/p>\n"},"8":{"Display":"<b id=\"docs-internal-guid-ee8fc965-7fff-5faf-9dfe-59d3ac7a4f6f\">Body Swap: <\/b>Two characters exchange bodies, leading to humorous or enlightening situations as they live out each other&#39;s lives."},"9":{"Display":"<b id=\"docs-internal-guid-3f310fb6-7fff-ab49-7560-dc199f6327fa\">Fake Relationship: <\/b>Two characters pretend to be in a relationship, leading to genuine connections."},"10":{"Display":"<b id=\"docs-internal-guid-40b41e06-7fff-35e5-92db-d97e60dc48e3\">The Heist: <\/b>A detailed and often risky plan to steal something valuable, focusing on the preparation, execution, and aftermath."}},"ChoiceOrder":[1,2,3,4,5,6,7,8,9,10],"Validation":{"Settings":{"ForceResponse":"ON","ForceResponseType":"ON","Type":"None"}},"GradingData":[],"Language":[],"NextChoiceId":11,"NextAnswerId":6,"Answers":{"1":{"Display":"Very unlikely"},"2":{"Display":"Somewhat unlikely"},"3":{"Display":"Neither likely nor unlikely"},"4":{"Display":"Somewhat likely"},"5":{"Display":"Very likely"}},"AnswerOrder":[1,2,3,4,5],"ChoiceDataExportTags":{"1":"Trope_1","2":"Trope_2","3":"Trope_3","4":"Trope_4","5":"Trope_5","6":"Trope_6","7":"Trope_7","8":"Trope_8","9":"Trope_9","10":"Trope_10"},"QuestionID":"QID41","Randomization":{"Advanced":null,"TotalRandSubset":"","Type":"All"}}},{"SurveyID":"SV_bKGbSgTN1rqlQG2","Element":"SQ","PrimaryAttribute":"QID42","SecondaryAttribute":"How clear did you find the instructions?","TertiaryAttribute":null,"Payload":{"QuestionText":"How clear did you find the instructions?","DefaultChoices":false,"DataExportTag":"Direct_feedback_3","QuestionType":"MC","Selector":"SAVR","SubSelector":"TX","DataVisibility":{"Private":false,"Hidden":false},"Configuration":{"QuestionDescriptionOption":"UseText","Autoscale":{"YScale":{"Name":"ClearUnclear","Type":"likert","Reverse":false}}},"QuestionDescription":"How clear did you find the instructions?","Choices":{"1":{"Display":"Extremely unclear"},"2":{"Display":"Somewhat unclear"},"3":{"Display":"Neither clear nor unclear"},"4":{"Display":"Somewhat clear"},"5":{"Display":"Extremely clear"}},"ChoiceOrder":["1","2","3","4","5"],"Validation":{"Settings":{"ForceResponse":"ON","ForceResponseType":"ON","Type":"None"}},"GradingData":[],"Language":[],"NextChoiceId":6,"NextAnswerId":1,"QuestionID":"QID42"}},{"SurveyID":"SV_bKGbSgTN1rqlQG2","Element":"SQ","PrimaryAttribute":"QID39","SecondaryAttribute":"How clear did you find the questions?","TertiaryAttribute":null,"Payload":{"QuestionText":"How clear did you find the questions?","DefaultChoices":false,"QuestionType":"MC","Selector":"SAVR","SubSelector":"TX","DataVisibility":{"Private":false,"Hidden":false},"Configuration":{"QuestionDescriptionOption":"UseText","Autoscale":{"YScale":{"Name":"ClearUnclear","Type":"likert","Reverse":false}}},"QuestionDescription":"How clear did you find the questions?","Choices":{"1":{"Display":"Extremely unclear"},"2":{"Display":"Somewhat unclear"},"3":{"Display":"Neither clear nor unclear"},"4":{"Display":"Somewhat clear"},"5":{"Display":"Extremely clear"}},"ChoiceOrder":["1","2","3","4","5"],"Validation":{"Settings":{"ForceResponse":"ON","ForceResponseType":"ON","Type":"None"}},"GradingData":[],"Language":[],"NextChoiceId":6,"NextAnswerId":1,"QuestionText_Unsafe":"How clear did you find the questions?","DataExportTag":"Direct_feedback_2","QuestionID":"QID39"}},{"SurveyID":"SV_bKGbSgTN1rqlQG2","Element":"SQ","PrimaryAttribute":"QID25","SecondaryAttribute":"How clear did you find the questions?","TertiaryAttribute":null,"Payload":{"QuestionText":"How clear did you find the questions?","DefaultChoices":false,"DataExportTag":"Direct_feedback_1","QuestionType":"MC","Selector":"SAVR","SubSelector":"TX","DataVisibility":{"Private":false,"Hidden":false},"Configuration":{"QuestionDescriptionOption":"UseText","Autoscale":{"YScale":{"Name":"ClearUnclear","Type":"likert","Reverse":false}}},"QuestionDescription":"How clear did you find the questions?","Choices":{"1":{"Display":"Extremely unclear"},"2":{"Display":"Somewhat unclear"},"3":{"Display":"Neither clear nor unclear"},"4":{"Display":"Somewhat clear"},"5":{"Display":"Extremely clear"}},"ChoiceOrder":["1","2","3","4","5"],"Validation":{"Settings":{"ForceResponse":"ON","ForceResponseType":"ON","Type":"None"}},"GradingData":[],"Language":[],"NextChoiceId":6,"NextAnswerId":1,"QuestionID":"QID25"}},{"SurveyID":"SV_bKGbSgTN1rqlQG2","Element":"SQ","PrimaryAttribute":"QID43","SecondaryAttribute":"How clear did you find the task?","TertiaryAttribute":null,"Payload":{"QuestionText":"How clear did you find the task?<br>","DefaultChoices":false,"DataExportTag":"Direct_feedback_4","QuestionType":"MC","Selector":"SAVR","SubSelector":"TX","DataVisibility":{"Private":false,"Hidden":false},"Configuration":{"QuestionDescriptionOption":"UseText","Autoscale":{"YScale":{"Name":"ClearUnclear","Type":"likert","Reverse":false}}},"QuestionDescription":"How clear did you find the task?","Choices":{"1":{"Display":"Extremely unclear"},"2":{"Display":"Somewhat unclear"},"3":{"Display":"Neither clear nor unclear"},"4":{"Display":"Somewhat clear"},"5":{"Display":"Extremely clear"}},"ChoiceOrder":["1","2","3","4","5"],"Validation":{"Settings":{"ForceResponse":"ON","ForceResponseType":"ON","Type":"None"}},"GradingData":[],"Language":[],"NextChoiceId":6,"NextAnswerId":1,"QuestionID":"QID43"}},{"SurveyID":"SV_bKGbSgTN1rqlQG2","Element":"SQ","PrimaryAttribute":"QID28","SecondaryAttribute":"How interested are you in novels that elicit a feeling of insight? For instance novels in which a...","TertiaryAttribute":null,"Payload":{"QuestionText":"How interested are you in novels that elicit a feeling of insight? For instance novels in which a plot twist or a new revelation about a character helps make sense of the story.","DefaultChoices":false,"QuestionType":"MC","Selector":"SAVR","SubSelector":"TX","DataVisibility":{"Private":false,"Hidden":false},"Configuration":{"QuestionDescriptionOption":"UseText"},"QuestionDescription":"How interested are you in novels that elicit a feeling of insight? For instance novels in which a...","Choices":{"11":{"Display":"Not at all interested"},"12":{"Display":"Not very interested"},"13":{"Display":"Neutral"},"14":{"Display":"Slightly interested"},"15":{"Display":"Moderately interested"},"16":{"Display":"Very interested"},"17":{"Display":"Extremely interested"}},"ChoiceOrder":["11","12","13","14","15","16","17"],"Validation":{"Settings":{"ForceResponse":"ON","ForceResponseType":"ON","Type":"None"}},"GradingData":[],"Language":[],"NextChoiceId":18,"NextAnswerId":1,"QuestionText_Unsafe":"How often do you read novels that elicit a feeling of insight? For instance novels in which a plot twist or a new revelation about a character helps make sense of the story.","DataExportTag":"Novel_enjoy","QuestionID":"QID28","DisplayLogic":{"0":{"0":{"ChoiceLocator":"q:\/\/QID27\/SelectableChoice\/1","Description":"<span class=\"ConjDesc\">If<\/span> <span class=\"QuestionDesc\">How often do you read novels?<\/span> <span class=\"LeftOpDesc\">Never<\/span> <span class=\"OpDesc\">Is Not Selected<\/span> ","LeftOperand":"q:\/\/QID27\/SelectableChoice\/1","LogicType":"Question","Operator":"NotSelected","QuestionID":"QID27","QuestionIDFromLocator":"QID27","QuestionIsInLoop":"no","Type":"Expression"},"Type":"If"},"Type":"BooleanExpression","inPage":false},"RecodeValues":{"11":"1","12":"2","13":"3","14":"4","15":"5","16":"6","17":"7"}}},{"SurveyID":"SV_bKGbSgTN1rqlQG2","Element":"SQ","PrimaryAttribute":"QID36","SecondaryAttribute":"How interested are you in playing video games that elicit a feeling of insight? For instance vide...","TertiaryAttribute":null,"Payload":{"QuestionText":"How interested are you in playing video games that elicit a feeling of insight? For instance video games in which you suddenly manage to find the solution to a problem.","DefaultChoices":false,"QuestionType":"MC","Selector":"SAVR","SubSelector":"TX","DataVisibility":{"Private":false,"Hidden":false},"Configuration":{"QuestionDescriptionOption":"UseText","Autoscale":{"YScale":{"Name":"hedonic","Type":"likert","Reverse":false}}},"QuestionDescription":"How interested are you in playing video games that elicit a feeling of insight? For instance vide...","Choices":{"1":{"Display":"Not at all interested"},"2":{"Display":"Not very interested"},"3":{"Display":"Neutral"},"4":{"Display":"Slightly interested"},"5":{"Display":"Moderately interested"},"6":{"Display":"Very interested"},"7":{"Display":"Extremely interested"}},"ChoiceOrder":[1,2,3,4,5,"6","7"],"Validation":{"Settings":{"ForceResponse":"ON","ForceResponseType":"ON","Type":"None"}},"GradingData":[],"Language":[],"NextChoiceId":8,"NextAnswerId":1,"QuestionText_Unsafe":"How often do you play video games that elicit a feeling of insight? For instance video games in which you suddenly manage to find the solution to a problem.","DataExportTag":"Game_enjoy","QuestionID":"QID36","DisplayLogic":{"0":{"0":{"ChoiceLocator":"q:\/\/QID35\/SelectableChoice\/1","Description":"<span class=\"ConjDesc\">If<\/span> <span class=\"QuestionDesc\">How often do you play video games?<\/span> <span class=\"LeftOpDesc\">Never<\/span> <span class=\"OpDesc\">Is Not Selected<\/span> ","LeftOperand":"q:\/\/QID35\/SelectableChoice\/1","LogicType":"Question","Operator":"NotSelected","QuestionID":"QID35","QuestionIDFromLocator":"QID35","QuestionIsInLoop":"no","Type":"Expression"},"Type":"If"},"Type":"BooleanExpression","inPage":false}}},{"SurveyID":"SV_bKGbSgTN1rqlQG2","Element":"SQ","PrimaryAttribute":"QID32","SecondaryAttribute":"How interested are you in reading popular science that elicits a feeling of insight? For instance...","TertiaryAttribute":null,"Payload":{"QuestionText":"How interested are you in reading popular science that elicits a feeling of insight? For instance popular science writing that leads you to make sense of something.","DefaultChoices":false,"QuestionType":"MC","Selector":"SAVR","SubSelector":"TX","DataVisibility":{"Private":false,"Hidden":false},"Configuration":{"QuestionDescriptionOption":"UseText","Autoscale":{"YScale":{"Name":"hedonic","Type":"likert","Reverse":false}}},"QuestionDescription":"How interested are you in reading popular science that elicits a feeling of insight? For instance...","Choices":{"1":{"Display":"Not at all interested"},"2":{"Display":"Not very interested"},"3":{"Display":"Neutral"},"4":{"Display":"Slightly interested"},"5":{"Display":"Moderately interested"},"6":{"Display":"Very interested"},"7":{"Display":"Extremely interested"}},"ChoiceOrder":[1,2,3,4,5,"6","7"],"Validation":{"Settings":{"ForceResponse":"ON","ForceResponseType":"ON","Type":"None"}},"GradingData":[],"Language":[],"NextChoiceId":8,"NextAnswerId":1,"QuestionText_Unsafe":"How often do you read popular science that elicits a feeling of insight? For instance popular science writing that leads you to make sense of something.","DataExportTag":"Science_enjoy","QuestionID":"QID32","DisplayLogic":{"0":{"0":{"ChoiceLocator":"q:\/\/QID31\/SelectableChoice\/1","Description":"<span class=\"ConjDesc\">If<\/span> <span class=\"QuestionDesc\">How often do you read popular science?<\/span> <span class=\"LeftOpDesc\">Never<\/span> <span class=\"OpDesc\">Is Not Selected<\/span> ","LeftOperand":"q:\/\/QID31\/SelectableChoice\/1","LogicType":"Question","Operator":"NotSelected","QuestionID":"QID31","QuestionIDFromLocator":"QID31","QuestionIsInLoop":"no","Type":"Expression"},"Type":"If"},"Type":"BooleanExpression","inPage":false}}},{"SurveyID":"SV_bKGbSgTN1rqlQG2","Element":"SQ","PrimaryAttribute":"QID34","SecondaryAttribute":"How interested are you in tackling puzzles that elicit a feeling of insight, when you find or rea...","TertiaryAttribute":null,"Payload":{"QuestionText":"How interested are you in tackling puzzles that elicit a feeling of insight, when you find or read the answer? For instance brainteasers.","DefaultChoices":false,"QuestionType":"MC","Selector":"SAVR","SubSelector":"TX","DataVisibility":{"Private":false,"Hidden":false},"Configuration":{"QuestionDescriptionOption":"UseText","Autoscale":{"YScale":{"Name":"hedonic","Type":"likert","Reverse":false}}},"QuestionDescription":"How interested are you in tackling puzzles that elicit a feeling of insight, when you find or rea...","Choices":{"1":{"Display":"Not at all interested"},"2":{"Display":"Not very interested"},"3":{"Display":"Neutral"},"4":{"Display":"Moderately interested"},"5":{"Display":"Very interested"},"6":{"Display":"Slightly interested"},"7":{"Display":"Extremely interested"}},"ChoiceOrder":[1,2,3,"6",4,5,"7"],"Validation":{"Settings":{"ForceResponse":"ON","ForceResponseType":"ON","Type":"None"}},"GradingData":[],"Language":[],"NextChoiceId":8,"NextAnswerId":1,"QuestionText_Unsafe":"How often do you tackle puzzles that elicit a feeling of insight, when you find or read the answer? For instance brainteasers.","DataExportTag":"Puzzle_enjoy","QuestionID":"QID34","DisplayLogic":{"0":{"0":{"ChoiceLocator":"q:\/\/QID33\/SelectableChoice\/1","Description":"<span class=\"ConjDesc\">If<\/span> <span class=\"QuestionDesc\">How often do you tackle puzzles?<\/span> <span class=\"LeftOpDesc\">Never<\/span> <span class=\"OpDesc\">Is Not Selected<\/span> ","LeftOperand":"q:\/\/QID33\/SelectableChoice\/1","LogicType":"Question","Operator":"NotSelected","QuestionID":"QID33","QuestionIDFromLocator":"QID33","QuestionIsInLoop":"no","Type":"Expression"},"Type":"If"},"Type":"BooleanExpression","inPage":false}}},{"SurveyID":"SV_bKGbSgTN1rqlQG2","Element":"SQ","PrimaryAttribute":"QID38","SecondaryAttribute":"How interested are you in watching documentaries that elicit a feeling of insight? For instance d...","TertiaryAttribute":null,"Payload":{"QuestionText":"How interested are you in watching documentaries that elicit a feeling of insight? For instance documentaries that help you make sense of things from a new point of view, by presenting the perspective of different people or providing you with new facts.","DefaultChoices":false,"QuestionType":"MC","Selector":"SAVR","SubSelector":"TX","DataVisibility":{"Private":false,"Hidden":false},"Configuration":{"QuestionDescriptionOption":"UseText","Autoscale":{"YScale":{"Name":"hedonic","Type":"likert","Reverse":false}}},"QuestionDescription":"How interested are you in watching documentaries that elicit a feeling of insight? For instance d...","Choices":{"1":{"Display":"Not at all interested"},"2":{"Display":"Not very interested"},"3":{"Display":"Slightly interested"},"4":{"Display":"Moderately interested"},"5":{"Display":"Very interested"},"6":{"Display":"Neutral"},"7":{"Display":"Extremely interested"}},"ChoiceOrder":[1,2,"6",3,4,5,"7"],"Validation":{"Settings":{"ForceResponse":"ON","ForceResponseType":"ON","Type":"None"}},"GradingData":[],"Language":[],"NextChoiceId":8,"NextAnswerId":1,"QuestionText_Unsafe":"How often do you watch documentaries that elicit a feeling of insight? For instance documentaries that help you make sense of things from a new point of view, by presenting the perspective of different people or providing you with new facts.","DataExportTag":"Docu_enjoy","QuestionID":"QID38","DisplayLogic":{"0":{"0":{"ChoiceLocator":"q:\/\/QID37\/SelectableChoice\/1","Description":"<span class=\"ConjDesc\">If<\/span> <span class=\"QuestionDesc\">How often do you watch documentaries?<\/span> <span class=\"LeftOpDesc\">Never<\/span> <span class=\"OpDesc\">Is Not Selected<\/span> ","LeftOperand":"q:\/\/QID37\/SelectableChoice\/1","LogicType":"Question","Operator":"NotSelected","QuestionID":"QID37","QuestionIDFromLocator":"QID37","QuestionIsInLoop":"no","Type":"Expression"},"Type":"If"},"Type":"BooleanExpression","inPage":false},"RecodeValues":{"1":"1","2":"2","3":"4","4":"5","5":"6","6":"3","7":"7"}}},{"SurveyID":"SV_bKGbSgTN1rqlQG2","Element":"SQ","PrimaryAttribute":"QID30","SecondaryAttribute":"How interested are you in watching movies that elicit a feeling of insight? For instance movies i...","TertiaryAttribute":null,"Payload":{"QuestionText":"How interested are you in watching movies that elicit a feeling of insight? For instance movies in which a plot twist or a new revelation about a character helps make sense of the story.","DefaultChoices":false,"QuestionType":"MC","Selector":"SAVR","SubSelector":"TX","DataVisibility":{"Private":false,"Hidden":false},"Configuration":{"QuestionDescriptionOption":"UseText","Autoscale":{"YScale":{"Name":"interesting","Type":"likert","Reverse":false}}},"QuestionDescription":"How interested are you in watching movies that elicit a feeling of insight? For instance movies i...","Choices":{"13":{"Display":"Not at all interested"},"14":{"Display":"Not very interested"},"15":{"Display":"Neutral"},"16":{"Display":"Moderately interested"},"17":{"Display":"Extremely interested"},"18":{"Display":"Slightly interested"},"19":{"Display":"Very interested"}},"ChoiceOrder":["13","14","15","18","16","19","17"],"Validation":{"Settings":{"ForceResponse":"ON","ForceResponseType":"ON","Type":"None"}},"GradingData":[],"Language":[],"NextChoiceId":20,"NextAnswerId":1,"QuestionText_Unsafe":"How often do you watch movies that elicit a feeling of insight? For instance movies in which a plot twist or a new revelation about a character helps make sense of the story.","DataExportTag":"Movie_enjoy","QuestionID":"QID30","DisplayLogic":{"0":{"0":{"ChoiceLocator":"q:\/\/QID29\/SelectableChoice\/1","Description":"<span class=\"ConjDesc\">If<\/span> <span class=\"QuestionDesc\">How often do you watch movies?<\/span> <span class=\"LeftOpDesc\">Never<\/span> <span class=\"OpDesc\">Is Not Selected<\/span> ","LeftOperand":"q:\/\/QID29\/SelectableChoice\/1","LogicType":"Question","Operator":"NotSelected","QuestionID":"QID29","QuestionIDFromLocator":"QID29","QuestionIsInLoop":"no","Type":"Expression"},"Type":"If"},"Type":"BooleanExpression","inPage":false},"RecodeValues":{"13":"1","14":"2","15":"3","16":"5","17":"7","18":"4","19":"6"}}},{"SurveyID":"SV_bKGbSgTN1rqlQG2","Element":"SQ","PrimaryAttribute":"QID23","SecondaryAttribute":"How often do you play video games that elicit a feeling of insight? For instance video games in w...","TertiaryAttribute":null,"Payload":{"QuestionText":"How often do you play video games that elicit a feeling of insight? For instance video games in which you suddenly manage to find the solution to a problem.","DefaultChoices":false,"DataExportTag":"Game_often_1","QuestionType":"MC","Selector":"SAVR","SubSelector":"TX","DataVisibility":{"Private":false,"Hidden":false},"Configuration":{"QuestionDescriptionOption":"UseText"},"QuestionDescription":"How often do you play video games that elicit a feeling of insight? For instance video games in w...","Choices":{"1":{"Display":"Never"},"2":{"Display":"Rarely"},"3":{"Display":"Sometimes"},"4":{"Display":"Often"},"5":{"Display":"Very often"}},"ChoiceOrder":["1","2","3","4","5"],"Validation":{"Settings":{"ForceResponse":"ON","ForceResponseType":"ON","Type":"None"}},"GradingData":[],"Language":[],"NextChoiceId":6,"NextAnswerId":1,"QuestionID":"QID23","DisplayLogic":{"0":{"0":{"ChoiceLocator":"q:\/\/QID13\/SelectableChoice\/1","Description":"<span class=\"ConjDesc\">If<\/span> <span class=\"QuestionDesc\">How often do you play video games?<\/span> <span class=\"LeftOpDesc\">Never<\/span> <span class=\"OpDesc\">Is Not Selected<\/span> ","LeftOperand":"q:\/\/QID13\/SelectableChoice\/1","LogicType":"Question","Operator":"NotSelected","QuestionID":"QID13","QuestionIDFromLocator":"QID13","QuestionIsInLoop":"no","Type":"Expression"},"Type":"If"},"Type":"BooleanExpression","inPage":false}}},{"SurveyID":"SV_bKGbSgTN1rqlQG2","Element":"SQ","PrimaryAttribute":"QID35","SecondaryAttribute":"How often do you play video games?","TertiaryAttribute":null,"Payload":{"QuestionText":"How often do you play video games?","DefaultChoices":false,"QuestionType":"MC","Selector":"SAVR","SubSelector":"TX","DataVisibility":{"Private":false,"Hidden":false},"Configuration":{"QuestionDescriptionOption":"UseText"},"QuestionDescription":"How often do you play video games?","Choices":{"1":{"Display":"Never"},"2":{"Display":"Rarely"},"3":{"Display":"Sometimes"},"4":{"Display":"Often"},"5":{"Display":"Very Often"}},"ChoiceOrder":[1,2,3,4,5],"Validation":{"Settings":{"ForceResponse":"ON","ForceResponseType":"ON","Type":"None"}},"GradingData":[],"Language":[],"NextChoiceId":6,"NextAnswerId":1,"QuestionText_Unsafe":"Do you regularly play video games?","DataExportTag":"Game_regularity","QuestionID":"QID35"}},{"SurveyID":"SV_bKGbSgTN1rqlQG2","Element":"SQ","PrimaryAttribute":"QID13","SecondaryAttribute":"How often do you play video games?","TertiaryAttribute":null,"Payload":{"QuestionText":"How often do you play video games?","DefaultChoices":false,"DataExportTag":"Game_regularity_1","QuestionType":"MC","Selector":"SAVR","SubSelector":"TX","DataVisibility":{"Private":false,"Hidden":false},"Configuration":{"QuestionDescriptionOption":"UseText"},"QuestionDescription":"How often do you play video games?","Choices":{"1":{"Display":"Never"},"2":{"Display":"Rarely"},"3":{"Display":"Sometimes"},"4":{"Display":"Often"},"5":{"Display":"Very Often"}},"ChoiceOrder":[1,2,3,4,5],"Validation":{"Settings":{"ForceResponse":"ON","ForceResponseType":"ON","Type":"None"}},"GradingData":[],"Language":[],"NextChoiceId":6,"NextAnswerId":1,"QuestionID":"QID13"}},{"SurveyID":"SV_bKGbSgTN1rqlQG2","Element":"SQ","PrimaryAttribute":"QID17","SecondaryAttribute":"How often do you read novels that elicit a feeling of insight? For instance novels in which a plo...","TertiaryAttribute":null,"Payload":{"QuestionText":"How often do you read novels that elicit a feeling of insight? For instance novels in which a plot twist or a new revelation about a character helps make sense of the story.","DefaultChoices":false,"DataExportTag":"Novel_often_1","QuestionType":"MC","Selector":"SAVR","SubSelector":"TX","DataVisibility":{"Private":false,"Hidden":false},"Configuration":{"QuestionDescriptionOption":"UseText"},"QuestionDescription":"How often do you read novels that elicit a feeling of insight? For instance novels in which a plo...","Choices":{"1":{"Display":"Never"},"2":{"Display":"Rarely"},"3":{"Display":"Sometimes"},"4":{"Display":"Often"},"5":{"Display":"Very often"}},"ChoiceOrder":["1","2","3","4","5"],"Validation":{"Settings":{"ForceResponse":"ON","ForceResponseType":"ON","Type":"None"}},"GradingData":[],"Language":[],"NextChoiceId":6,"NextAnswerId":1,"QuestionID":"QID17","DisplayLogic":{"0":{"0":{"LogicType":"Question","QuestionID":"QID7","QuestionIsInLoop":"no","ChoiceLocator":"q:\/\/QID7\/SelectableChoice\/1","Operator":"NotSelected","QuestionIDFromLocator":"QID7","LeftOperand":"q:\/\/QID7\/SelectableChoice\/1","Type":"Expression","Description":"<span class=\"ConjDesc\">If<\/span> <span class=\"QuestionDesc\">How often do you read novels?<\/span> <span class=\"LeftOpDesc\">Never<\/span> <span class=\"OpDesc\">Is Not Selected<\/span> "},"Type":"If"},"Type":"BooleanExpression","inPage":false}}},{"SurveyID":"SV_bKGbSgTN1rqlQG2","Element":"SQ","PrimaryAttribute":"QID7","SecondaryAttribute":"How often do you read novels?","TertiaryAttribute":null,"Payload":{"QuestionText":"How often do you read novels?","DefaultChoices":false,"DataExportTag":"Novel_regularity_1","QuestionType":"MC","Selector":"SAVR","SubSelector":"TX","DataVisibility":{"Private":false,"Hidden":false},"Configuration":{"QuestionDescriptionOption":"UseText"},"QuestionDescription":"How often do you read novels?","Choices":{"1":{"Display":"Never"},"2":{"Display":"Rarely"},"3":{"Display":"Sometimes"},"4":{"Display":"Often"},"5":{"Display":"Very Often"}},"ChoiceOrder":[1,2,3,4,5],"Validation":{"Settings":{"ForceResponse":"ON","ForceResponseType":"ON","Type":"None"}},"GradingData":[],"Language":[],"NextChoiceId":6,"NextAnswerId":1,"QuestionID":"QID7"}},{"SurveyID":"SV_bKGbSgTN1rqlQG2","Element":"SQ","PrimaryAttribute":"QID27","SecondaryAttribute":"How often do you read novels?","TertiaryAttribute":null,"Payload":{"QuestionText":"How often do you read novels?","DefaultChoices":false,"QuestionType":"MC","Selector":"SAVR","SubSelector":"TX","DataVisibility":{"Private":false,"Hidden":false},"Configuration":{"QuestionDescriptionOption":"UseText"},"QuestionDescription":"How often do you read novels?","Choices":{"1":{"Display":"Never"},"2":{"Display":"Rarely"},"3":{"Display":"Sometimes"},"4":{"Display":"Often"},"5":{"Display":"Very Often"}},"ChoiceOrder":[1,2,3,4,5],"Validation":{"Settings":{"ForceResponse":"ON","ForceResponseType":"ON","Type":"None"}},"GradingData":[],"Language":[],"NextChoiceId":6,"NextAnswerId":1,"QuestionText_Unsafe":"How often do you read novels?","DataExportTag":"Novel_regularity","QuestionID":"QID27"}},{"SurveyID":"SV_bKGbSgTN1rqlQG2","Element":"SQ","PrimaryAttribute":"QID21","SecondaryAttribute":"How often do you read popular science that elicits a feeling of insight? For instance popular sci...","TertiaryAttribute":null,"Payload":{"QuestionText":"How often do you read popular science that elicits a feeling of insight? For instance popular science writing that leads you to make sense of something.","DefaultChoices":false,"DataExportTag":"Science_often_1","QuestionType":"MC","Selector":"SAVR","SubSelector":"TX","DataVisibility":{"Private":false,"Hidden":false},"Configuration":{"QuestionDescriptionOption":"UseText"},"QuestionDescription":"How often do you read popular science that elicits a feeling of insight? For instance popular sci...","Choices":{"1":{"Display":"Never"},"2":{"Display":"Rarely"},"3":{"Display":"Sometimes"},"4":{"Display":"Often"},"5":{"Display":"Very often"}},"ChoiceOrder":["1","2","3","4","5"],"Validation":{"Settings":{"ForceResponse":"ON","ForceResponseType":"ON","Type":"None"}},"GradingData":[],"Language":[],"NextChoiceId":6,"NextAnswerId":1,"QuestionID":"QID21","DisplayLogic":{"0":{"0":{"ChoiceLocator":"q:\/\/QID11\/SelectableChoice\/1","Description":"<span class=\"ConjDesc\">If<\/span> <span class=\"QuestionDesc\">How often do you read popular science?<\/span> <span class=\"LeftOpDesc\">Never<\/span> <span class=\"OpDesc\">Is Not Selected<\/span> ","LeftOperand":"q:\/\/QID11\/SelectableChoice\/1","LogicType":"Question","Operator":"NotSelected","QuestionID":"QID11","QuestionIDFromLocator":"QID11","QuestionIsInLoop":"no","Type":"Expression"},"Type":"If"},"Type":"BooleanExpression","inPage":false}}},{"SurveyID":"SV_bKGbSgTN1rqlQG2","Element":"SQ","PrimaryAttribute":"QID31","SecondaryAttribute":"How often do you read popular science?","TertiaryAttribute":null,"Payload":{"QuestionText":"How often do you read popular science?","DefaultChoices":false,"QuestionType":"MC","Selector":"SAVR","SubSelector":"TX","DataVisibility":{"Private":false,"Hidden":false},"Configuration":{"QuestionDescriptionOption":"UseText"},"QuestionDescription":"How often do you read popular science?","Choices":{"1":{"Display":"Never"},"2":{"Display":"Rarely"},"3":{"Display":"Sometimes"},"4":{"Display":"Often"},"5":{"Display":"Very Often"}},"ChoiceOrder":[1,2,3,4,5],"Validation":{"Settings":{"ForceResponse":"ON","ForceResponseType":"ON","Type":"None"}},"GradingData":[],"Language":[],"NextChoiceId":6,"NextAnswerId":1,"QuestionText_Unsafe":"Do you regularly read popular science?","DataExportTag":"Science_regularity","QuestionID":"QID31"}},{"SurveyID":"SV_bKGbSgTN1rqlQG2","Element":"SQ","PrimaryAttribute":"QID11","SecondaryAttribute":"How often do you read popular science?","TertiaryAttribute":null,"Payload":{"QuestionText":"How often do you read popular science?","DefaultChoices":false,"DataExportTag":"Science_regularity_1","QuestionType":"MC","Selector":"SAVR","SubSelector":"TX","DataVisibility":{"Private":false,"Hidden":false},"Configuration":{"QuestionDescriptionOption":"UseText"},"QuestionDescription":"How often do you read popular science?","Choices":{"1":{"Display":"Never"},"2":{"Display":"Rarely"},"3":{"Display":"Sometimes"},"4":{"Display":"Often"},"5":{"Display":"Very Often"}},"ChoiceOrder":[1,2,3,4,5],"Validation":{"Settings":{"ForceResponse":"ON","ForceResponseType":"ON","Type":"None"}},"GradingData":[],"Language":[],"NextChoiceId":6,"NextAnswerId":1,"QuestionID":"QID11"}},{"SurveyID":"SV_bKGbSgTN1rqlQG2","Element":"SQ","PrimaryAttribute":"QID22","SecondaryAttribute":"How often do you tackle puzzles that elicit a feeling of insight, when you find or read the answe...","TertiaryAttribute":null,"Payload":{"QuestionText":"How often do you tackle puzzles that elicit a feeling of insight, when you find or read the answer? For instance brainteasers.","DefaultChoices":false,"DataExportTag":"Puzzle_often_1","QuestionType":"MC","Selector":"SAVR","SubSelector":"TX","DataVisibility":{"Private":false,"Hidden":false},"Configuration":{"QuestionDescriptionOption":"UseText"},"QuestionDescription":"How often do you tackle puzzles that elicit a feeling of insight, when you find or read the answe...","Choices":{"1":{"Display":"Never"},"2":{"Display":"Rarely"},"3":{"Display":"Sometimes"},"4":{"Display":"Often"},"5":{"Display":"Very often"}},"ChoiceOrder":["1","2","3","4","5"],"Validation":{"Settings":{"ForceResponse":"ON","ForceResponseType":"ON","Type":"None"}},"GradingData":[],"Language":[],"NextChoiceId":6,"NextAnswerId":1,"QuestionID":"QID22","DisplayLogic":{"0":{"0":{"ChoiceLocator":"q:\/\/QID12\/SelectableChoice\/1","Description":"<span class=\"ConjDesc\">If<\/span> <span class=\"QuestionDesc\">How often do you tackle puzzles?<\/span> <span class=\"LeftOpDesc\">Never<\/span> <span class=\"OpDesc\">Is Not Selected<\/span> ","LeftOperand":"q:\/\/QID12\/SelectableChoice\/1","LogicType":"Question","Operator":"NotSelected","QuestionID":"QID12","QuestionIDFromLocator":"QID12","QuestionIsInLoop":"no","Type":"Expression"},"Type":"If"},"Type":"BooleanExpression","inPage":false}}},{"SurveyID":"SV_bKGbSgTN1rqlQG2","Element":"SQ","PrimaryAttribute":"QID12","SecondaryAttribute":"How often do you tackle puzzles?","TertiaryAttribute":null,"Payload":{"QuestionText":"How often do you tackle puzzles?","DefaultChoices":false,"DataExportTag":"Puzzle_regularity_1","QuestionType":"MC","Selector":"SAVR","SubSelector":"TX","DataVisibility":{"Private":false,"Hidden":false},"Configuration":{"QuestionDescriptionOption":"UseText"},"QuestionDescription":"How often do you tackle puzzles?","Choices":{"1":{"Display":"Never"},"2":{"Display":"Rarely"},"3":{"Display":"Sometimes"},"4":{"Display":"Often"},"5":{"Display":"Very Often"}},"ChoiceOrder":[1,2,3,4,5],"Validation":{"Settings":{"ForceResponse":"ON","ForceResponseType":"ON","Type":"None"}},"GradingData":[],"Language":[],"NextChoiceId":6,"NextAnswerId":1,"QuestionID":"QID12"}},{"SurveyID":"SV_bKGbSgTN1rqlQG2","Element":"SQ","PrimaryAttribute":"QID33","SecondaryAttribute":"How often do you tackle puzzles?","TertiaryAttribute":null,"Payload":{"QuestionText":"How often do you tackle puzzles?","DefaultChoices":false,"QuestionType":"MC","Selector":"SAVR","SubSelector":"TX","DataVisibility":{"Private":false,"Hidden":false},"Configuration":{"QuestionDescriptionOption":"UseText"},"QuestionDescription":"How often do you tackle puzzles?","Choices":{"1":{"Display":"Never"},"2":{"Display":"Rarely"},"3":{"Display":"Sometimes"},"4":{"Display":"Often"},"5":{"Display":"Very Often"}},"ChoiceOrder":[1,2,3,4,5],"Validation":{"Settings":{"ForceResponse":"ON","ForceResponseType":"ON","Type":"None"}},"GradingData":[],"Language":[],"NextChoiceId":6,"NextAnswerId":1,"QuestionText_Unsafe":"Do you regularly do puzzles?","DataExportTag":"Puzzle_regularity","QuestionID":"QID33"}},{"SurveyID":"SV_bKGbSgTN1rqlQG2","Element":"SQ","PrimaryAttribute":"QID24","SecondaryAttribute":"How often do you watch documentaries that elicit a feeling of insight? For instance documentaries...","TertiaryAttribute":null,"Payload":{"QuestionText":"How often do you watch documentaries that elicit a feeling of insight? For instance documentaries that help you make sense of things from a new point of view, by presenting the perspective of different people or providing you with new facts.","DefaultChoices":false,"DataExportTag":"Docu_often_1","QuestionType":"MC","Selector":"SAVR","SubSelector":"TX","DataVisibility":{"Private":false,"Hidden":false},"Configuration":{"QuestionDescriptionOption":"UseText"},"QuestionDescription":"How often do you watch documentaries that elicit a feeling of insight? For instance documentaries...","Choices":{"1":{"Display":"Never"},"2":{"Display":"Rarely"},"3":{"Display":"Sometimes"},"4":{"Display":"Often"},"5":{"Display":"Very often"}},"ChoiceOrder":["1","2","3","4","5"],"Validation":{"Settings":{"ForceResponse":"ON","ForceResponseType":"ON","Type":"None"}},"GradingData":[],"Language":[],"NextChoiceId":6,"NextAnswerId":1,"QuestionID":"QID24","DisplayLogic":{"0":{"0":{"ChoiceLocator":"q:\/\/QID14\/SelectableChoice\/1","Description":"<span class=\"ConjDesc\">If<\/span> <span class=\"QuestionDesc\">How often do you watch documentaries?<\/span> <span class=\"LeftOpDesc\">Never<\/span> <span class=\"OpDesc\">Is Not Selected<\/span> ","LeftOperand":"q:\/\/QID14\/SelectableChoice\/1","LogicType":"Question","Operator":"NotSelected","QuestionID":"QID14","QuestionIDFromLocator":"QID14","QuestionIsInLoop":"no","Type":"Expression"},"Type":"If"},"Type":"BooleanExpression","inPage":false}}},{"SurveyID":"SV_bKGbSgTN1rqlQG2","Element":"SQ","PrimaryAttribute":"QID37","SecondaryAttribute":"How often do you watch documentaries?","TertiaryAttribute":null,"Payload":{"QuestionText":"How often do you watch documentaries?","DefaultChoices":false,"QuestionType":"MC","Selector":"SAVR","SubSelector":"TX","DataVisibility":{"Private":false,"Hidden":false},"Configuration":{"QuestionDescriptionOption":"UseText"},"QuestionDescription":"How often do you watch documentaries?","Choices":{"1":{"Display":"Never"},"2":{"Display":"Rarely"},"3":{"Display":"Sometimes"},"4":{"Display":"Often"},"5":{"Display":"Very Often"}},"ChoiceOrder":[1,2,3,4,5],"Validation":{"Settings":{"ForceResponse":"ON","ForceResponseType":"ON","Type":"None"}},"GradingData":[],"Language":[],"NextChoiceId":6,"NextAnswerId":1,"QuestionText_Unsafe":"Do you regularly watch documentaries?","DataExportTag":"Docu_regularity","QuestionID":"QID37"}},{"SurveyID":"SV_bKGbSgTN1rqlQG2","Element":"SQ","PrimaryAttribute":"QID14","SecondaryAttribute":"How often do you watch documentaries?","TertiaryAttribute":null,"Payload":{"QuestionText":"How often do you watch documentaries?","DefaultChoices":false,"DataExportTag":"Docu_regularity_1","QuestionType":"MC","Selector":"SAVR","SubSelector":"TX","DataVisibility":{"Private":false,"Hidden":false},"Configuration":{"QuestionDescriptionOption":"UseText"},"QuestionDescription":"How often do you watch documentaries?","Choices":{"1":{"Display":"Never"},"2":{"Display":"Rarely"},"3":{"Display":"Sometimes"},"4":{"Display":"Often"},"5":{"Display":"Very Often"}},"ChoiceOrder":[1,2,3,4,5],"Validation":{"Settings":{"ForceResponse":"ON","ForceResponseType":"ON","Type":"None"}},"GradingData":[],"Language":[],"NextChoiceId":6,"NextAnswerId":1,"QuestionID":"QID14"}},{"SurveyID":"SV_bKGbSgTN1rqlQG2","Element":"SQ","PrimaryAttribute":"QID20","SecondaryAttribute":"How often do you watch movies that elicit a feeling of insight? For instance movies in which a pl...","TertiaryAttribute":null,"Payload":{"QuestionText":"How often do you watch movies that elicit a feeling of insight? For instance movies in which a plot twist or a new revelation about a character helps make sense of the story.","DefaultChoices":false,"DataExportTag":"Movie_often_1","QuestionType":"MC","Selector":"SAVR","SubSelector":"TX","DataVisibility":{"Private":false,"Hidden":false},"Configuration":{"QuestionDescriptionOption":"UseText"},"QuestionDescription":"How often do you watch movies that elicit a feeling of insight? For instance movies in which a pl...","Choices":{"1":{"Display":"Never"},"2":{"Display":"Rarely"},"3":{"Display":"Sometimes"},"4":{"Display":"Often"},"5":{"Display":"Very often"}},"ChoiceOrder":["1","2","3","4","5"],"Validation":{"Settings":{"ForceResponse":"ON","ForceResponseType":"ON","Type":"None"}},"GradingData":[],"Language":[],"NextChoiceId":6,"NextAnswerId":1,"QuestionID":"QID20","DisplayLogic":{"0":{"0":{"ChoiceLocator":"q:\/\/QID10\/SelectableChoice\/1","Description":"<span class=\"ConjDesc\">If<\/span> <span class=\"QuestionDesc\">How often do you watch movies?<\/span> <span class=\"LeftOpDesc\">Never<\/span> <span class=\"OpDesc\">Is Not Selected<\/span> ","LeftOperand":"q:\/\/QID10\/SelectableChoice\/1","LogicType":"Question","Operator":"NotSelected","QuestionID":"QID10","QuestionIDFromLocator":"QID10","QuestionIsInLoop":"no","Type":"Expression"},"Type":"If"},"Type":"BooleanExpression","inPage":false}}},{"SurveyID":"SV_bKGbSgTN1rqlQG2","Element":"SQ","PrimaryAttribute":"QID10","SecondaryAttribute":"How often do you watch movies?","TertiaryAttribute":null,"Payload":{"QuestionText":"How often do you watch movies?","DefaultChoices":false,"DataExportTag":"Movie_regularity_1","QuestionType":"MC","Selector":"SAVR","SubSelector":"TX","DataVisibility":{"Private":false,"Hidden":false},"Configuration":{"QuestionDescriptionOption":"UseText"},"QuestionDescription":"How often do you watch movies?","Choices":{"1":{"Display":"Never"},"2":{"Display":"Rarely"},"3":{"Display":"Sometimes"},"4":{"Display":"Often"},"5":{"Display":"Very Often"}},"ChoiceOrder":[1,2,3,4,5],"Validation":{"Settings":{"ForceResponse":"ON","ForceResponseType":"ON","Type":"None"}},"GradingData":[],"Language":[],"NextChoiceId":6,"NextAnswerId":1,"QuestionID":"QID10"}},{"SurveyID":"SV_bKGbSgTN1rqlQG2","Element":"SQ","PrimaryAttribute":"QID29","SecondaryAttribute":"How often do you watch movies?","TertiaryAttribute":null,"Payload":{"QuestionText":"How often do you watch movies?","DefaultChoices":false,"QuestionType":"MC","Selector":"SAVR","SubSelector":"TX","DataVisibility":{"Private":false,"Hidden":false},"Configuration":{"QuestionDescriptionOption":"UseText"},"QuestionDescription":"How often do you watch movies?","Choices":{"1":{"Display":"Never"},"2":{"Display":"Rarely"},"3":{"Display":"Sometimes"},"4":{"Display":"Often"},"5":{"Display":"Very Often"}},"ChoiceOrder":[1,2,3,4,5],"Validation":{"Settings":{"ForceResponse":"ON","ForceResponseType":"ON","Type":"None"}},"GradingData":[],"Language":[],"NextChoiceId":6,"NextAnswerId":1,"QuestionText_Unsafe":"Do you regularly watch movies?","DataExportTag":"Movie_regularity","QuestionID":"QID29"}},{"SurveyID":"SV_bKGbSgTN1rqlQG2","Element":"SQ","PrimaryAttribute":"QID40","SecondaryAttribute":"Imagine a movie, TV series, or novel you might watch or read in the future. Below is a list of di...","TertiaryAttribute":null,"Payload":{"QuestionText":"Imagine a movie, TV series, or novel you might watch or read in the future. Below is a list of different events. You don't need to think of a specific story, just consider any good story that features each of these events.&nbsp;","DefaultChoices":false,"DataExportTag":"Q40","QuestionType":"DB","Selector":"TB","DataVisibility":{"Private":false,"Hidden":false},"Configuration":{"QuestionDescriptionOption":"UseText"},"QuestionDescription":"Imagine a movie, TV series, or novel you might watch or read in the future. Below is a list of di...","ChoiceOrder":["4","5","6","7","8"],"Validation":{"Settings":{"Type":"None"}},"GradingData":[],"Language":[],"NextChoiceId":9,"NextAnswerId":1,"QuestionID":"QID40"}},{"SurveyID":"SV_bKGbSgTN1rqlQG2","Element":"SQ","PrimaryAttribute":"QID1214988209","SecondaryAttribute":"Imagine you are playing video games with a friend and at some point your friend says:\u00a0 \u00a0 \u201cI don","TertiaryAttribute":null,"Payload":{"QuestionText":"<span style=\"font-size:19px;\">Imagine you are playing video games with a friend and at some point your friend says:&nbsp;<\/span>\n<div>&nbsp;<\/div>\n\n<div><span style=\"font-size:19px;\">\u201cI don\u2019t want to play this game anymore! To make sure that you read the instructions, please write the three following words \"I pay attention\" in the box below. I really dislike this game, it's the most overrated game ever.\u201d&nbsp;<\/span><\/div>\n\n<div>&nbsp;<\/div>\n\n<div><span style=\"font-size:19px;\"><b>Do you agree with your friend?<\/b><\/span><\/div>","DefaultChoices":false,"QuestionType":"TE","Selector":"SL","Configuration":{"QuestionDescriptionOption":"UseText","AllowFreeResponse":"false","InputWidth":426,"InputHeight":29},"QuestionDescription":"Imagine you are playing video games with a friend and at some point your friend says:\u00a0 \u00a0 \u201cI don\u2019t...","Validation":{"Settings":{"ForceResponse":"ON","ForceResponseType":"ON","Type":"None"}},"GradingData":[],"Language":[],"NextChoiceId":4,"NextAnswerId":1,"DataVisibility":{"Private":false,"Hidden":false},"QuestionText_Unsafe":"<span style=\"font-size:19px;\">Finally, imagine you are playing video games with a friend and at some point your friend says:&nbsp;<\/span>\n<div>&nbsp;<\/div>\n\n<div><span style=\"font-size:19px;\">&ldquo;I don&rsquo;t want to play this game anymore! To make sure that you read the instructions, please write the three following words &quot;I pay attention&quot; in the box below. I really dislike this game, it&#39;s the most overrated game ever.&rdquo;&nbsp;<\/span><\/div>\n\n<div>&nbsp;<\/div>\n\n<div><span style=\"font-size:19px;\"><b>Having carefully read the text above, do you agree with your friend?<\/b><\/span><\/div>","SearchSource":{"AllowFreeResponse":"false"},"DataExportTag":"attention_check","QuestionID":"QID1214988209"}},{"SurveyID":"SV_bKGbSgTN1rqlQG2","Element":"SQ","PrimaryAttribute":"QID1214988232","SecondaryAttribute":"In what follows, you will be asked about your preferences for various activities, in particular a...","TertiaryAttribute":null,"Payload":{"QuestionText":"In what follows, you will be asked about your preferences for various activities, in particular activities that might generate \u201cinsight.\u201d <br><br>An insight is when you suddenly understand something or find the solution to a problem. This experience is different from just being surprised which doesn\u2019t have to be accompanied by a feeling of understanding. It is also different from simply solving a problem which can be done in a step-by-step manner, without any sudden realization. <br><br>Two classic examples would be when the detective reveals who the murderer is at the end of a crime novel, or when you get the solution to a logical riddle.<br>","DefaultChoices":false,"QuestionType":"DB","Selector":"TB","Configuration":{"QuestionDescriptionOption":"UseText"},"QuestionDescription":"In what follows, you will be asked about your preferences for various activities, in particular a...","ChoiceOrder":[],"Validation":{"Settings":{"Type":"None"}},"GradingData":[],"Language":[],"NextChoiceId":4,"NextAnswerId":1,"DataVisibility":{"Private":false,"Hidden":false},"QuestionText_Unsafe":"<span style=\"font-family:Arial,Helvetica,sans-serif;\"><span style=\"font-size:19px;\"><span id=\"docs-internal-guid-4209d252-7fff-f6be-7125-9bd739f62f18\"><span style=\"color: rgb(0, 0, 0); background-color: transparent; font-variant-numeric: normal; font-variant-east-asian: normal; vertical-align: baseline; white-space: pre-wrap;\">We will present you with a scenario in which you are assigned a specific role. We will then ask you questions about how you perceive the situation. <\/span><\/span><\/span><\/span>","DataExportTag":"Q1","QuestionID":"QID1214988232"}},{"SurveyID":"SV_bKGbSgTN1rqlQG2","Element":"SQ","PrimaryAttribute":"QID50","SecondaryAttribute":"Indicate your agreement with the following statements","TertiaryAttribute":null,"Payload":{"QuestionText":"Indicate your agreement with the following statements","DefaultChoices":false,"DataExportTag":"SES","QuestionID":"QID50","QuestionType":"Matrix","Selector":"Likert","SubSelector":"SingleAnswer","DataVisibility":{"Private":false,"Hidden":false},"Configuration":{"QuestionDescriptionOption":"UseText","TextPosition":"inline","ChoiceColumnWidth":25,"RepeatHeaders":"none","WhiteSpace":"OFF","MobileFirst":true,"Autoscale":{"XScale":{"Name":"agreeDisagree","Type":"likert","Reverse":false}}},"QuestionDescription":"Indicate your agreement with the following statements","Choices":{"1":{"Display":"My family usually had enough money for things when I was growing up"},"2":{"Display":"I grew up in a relatively wealthy neighborhood"},"3":{"Display":"I felt relatively wealthy compared to the other kids in my school"},"4":{"Display":"I have enough money to buy things I want"},"5":{"Display":"I don\u2019t need to worry too much about paying my bills"},"6":{"Display":"I don\u2019t think I\u2019ll have to worry about money too much in the future"}},"ChoiceOrder":["1","2","3","4","5","6"],"Validation":{"Settings":{"ForceResponse":"ON","ForceResponseType":"ON","Type":"None"}},"GradingData":[],"Language":[],"NextChoiceId":7,"NextAnswerId":20,"Answers":{"13":{"Display":"Strongly disagree"},"14":{"Display":"Disagree"},"15":{"Display":"Somewhat disagree"},"16":{"Display":"Neither agree nor disagree"},"17":{"Display":"Somewhat agree"},"18":{"Display":"Agree"},"19":{"Display":"Strongly agree"}},"AnswerOrder":["13","14","15","16","17","18","19"],"ChoiceDataExportTags":{"1":"SES_Child_1","2":"SES_Child_2","3":"SES_Child_3","4":"SES_Now_1","5":"SES_Now_2","6":"SES_Now_3"},"Randomization":{"Advanced":null,"TotalRandSubset":"","Type":"All"},"RecodeValues":{"13":"1","14":"2","15":"3","16":"4","17":"5","18":"6","19":"7"}}},{"SurveyID":"SV_bKGbSgTN1rqlQG2","Element":"SQ","PrimaryAttribute":"QID26","SecondaryAttribute":"Please answer the following questions honestly. The examples provided are meant to illustrate the...","TertiaryAttribute":null,"Payload":{"QuestionText":"Please answer the following questions honestly. The examples provided are meant to illustrate the type of insights we\u2019re interested in, but they are not exhaustive","DefaultChoices":false,"QuestionType":"DB","Selector":"TB","DataVisibility":{"Private":false,"Hidden":false},"Configuration":{"QuestionDescriptionOption":"UseText"},"QuestionDescription":"Please answer the following questions honestly. The examples provided are meant to illustrate the...","ChoiceOrder":[],"Validation":{"Settings":{"Type":"None"}},"GradingData":[],"Language":[],"NextChoiceId":4,"NextAnswerId":1,"QuestionText_Unsafe":"Please answer the following questions honestly, focusing on your genuine preferences. The examples provided are meant to illustrate the type of insights we\u2019re interested in, but they are not exhaustive","DataExportTag":"Q26","QuestionID":"QID26"}},{"SurveyID":"SV_bKGbSgTN1rqlQG2","Element":"SQ","PrimaryAttribute":"QID19","SecondaryAttribute":"Please answer the following questions honestly. The examples provided are meant to illustrate the...","TertiaryAttribute":null,"Payload":{"QuestionText":"Please answer the following questions honestly. The examples provided are meant to illustrate the type of insights we\u2019re interested in, but they are not exhaustive","DefaultChoices":false,"DataExportTag":"Q19","QuestionType":"DB","Selector":"TB","DataVisibility":{"Private":false,"Hidden":false},"Configuration":{"QuestionDescriptionOption":"UseText"},"QuestionDescription":"Please answer the following questions honestly. The examples provided are meant to illustrate the...","ChoiceOrder":[],"Validation":{"Settings":{"Type":"None"}},"GradingData":[],"Language":[],"NextChoiceId":4,"NextAnswerId":1,"QuestionID":"QID19"}},{"SurveyID":"SV_bKGbSgTN1rqlQG2","Element":"SQ","PrimaryAttribute":"QID1214988210","SecondaryAttribute":"Thank you very much, you helped science today :) Don't forget to click on the arrow to get your c...","TertiaryAttribute":null,"Payload":{"QuestionText":"<div>Thank you very much, you helped science today :)<\/div><div><br><\/div><div><b>Don't forget to click on the arrow to get your completion code!<\/b><\/div>","QuestionType":"DB","Selector":"TB","DataVisibility":{"Private":false,"Hidden":false},"Configuration":{"QuestionDescriptionOption":"UseText"},"QuestionDescription":"Thank you very much, you helped science today :) Don't forget to click on the arrow to get your c...","ChoiceOrder":[],"Language":[],"NextChoiceId":1,"NextAnswerId":1,"QuestionText_Unsafe":"<div>Thank you very much, you helped science today :)<\/div><div><br><\/div><div>We are researchers interested in human psychology.&nbsp;<\/div><div><br><\/div><div><b>Don't forget to click on the arrow to get your completion code!<\/b><\/div>","DataExportTag":"Q1","QuestionID":"QID1214988210"}},{"SurveyID":"SV_bKGbSgTN1rqlQG2","Element":"SQ","PrimaryAttribute":"QID1215179059","SecondaryAttribute":"Thank you very much, you helped science today :) We are researchers interested in human psycholog...","TertiaryAttribute":null,"Payload":{"QuestionText":"<div>Thank you very much, you helped science today :)<\/div><div><br><\/div><div>We are researchers interested in human psychology.&nbsp;<\/div><div><br><\/div><div><b>Don't forget to click on the arrow to get your completion code!<\/b><\/div>","QuestionType":"DB","Selector":"TB","DataVisibility":{"Private":false,"Hidden":false},"Configuration":{"QuestionDescriptionOption":"UseText"},"QuestionDescription":"Thank you very much, you helped science today :) We are researchers interested in human psycholog...","ChoiceOrder":[],"Language":[],"NextChoiceId":1,"NextAnswerId":1,"QuestionText_Unsafe":"<div>Thank you very much, you helped science today :)<\/div><div><br><\/div><div>We are researchers interested in human psychology.&nbsp;<\/div><div><br><\/div><div><b>Don't forget to click on the arrow to get your completion code!<\/b><\/div>","DataExportTag":"Q5","QuestionID":"QID1215179059"}},{"SurveyID":"SV_bKGbSgTN1rqlQG2","Element":"SQ","PrimaryAttribute":"QID6","SecondaryAttribute":"Was this explanation of the feeling of insight clear?","TertiaryAttribute":null,"Payload":{"QuestionText":"Was this explanation of the feeling of insight clear?","DefaultChoices":false,"DataExportTag":"Q6","QuestionType":"MC","Selector":"SAVR","SubSelector":"TX","DataVisibility":{"Private":false,"Hidden":false},"Configuration":{"QuestionDescriptionOption":"UseText","Autoscale":{"YScale":{"Name":"yesNo","Type":"likert","Reverse":false}}},"QuestionDescription":"Was this explanation of the feeling of insight clear?","Choices":{"1":{"Display":"No"},"2":{"Display":"Yes"}},"ChoiceOrder":[1,2],"Validation":{"Settings":{"ForceResponse":"ON","ForceResponseType":"ON","Type":"None"}},"GradingData":[],"Language":[],"NextChoiceId":3,"NextAnswerId":1,"QuestionID":"QID6"}},{"SurveyID":"SV_bKGbSgTN1rqlQG2","Element":"SQ","PrimaryAttribute":"QID1214988211","SecondaryAttribute":"We invite you to participate in a scientific experiment. Participation requires that you give you...","TertiaryAttribute":null,"Payload":{"QuestionText":"<div><span style=\"font-family:Arial,Helvetica,sans-serif;\">We invite you to participate in a scientific experiment. Participation requires that you give your informed consent. Before proceeding, please consider the following information:<\/span><br>\n&nbsp;<\/div>\n\n<div><span style=\"font-family:Arial,Helvetica,sans-serif;\">The survey will take about <b>4&nbsp;m<\/b><strong>inutes<\/strong>&nbsp;to complete.<br>\n<br>\nThere are no risks involved in this study.<br>\n<br>\nYou will be paid for your participation at the posted rate (provided that you complete the whole study, including demographic questions).<br>\n<br>\nYour individual privacy will be maintained in all published and written data resulting from the study.<br>\n&nbsp;<br>\nParticipation in this research study is voluntary. You may choose not to participate.<\/span><br>\n&nbsp;<\/div>\n\n<div><span style=\"font-family:Arial,Helvetica,sans-serif;\">By ticking the box below, and proceeding to the study task you certify that you have read this form, and agreed to participate in accordance with the above conditions.<\/span><\/div>","QuestionType":"MC","Selector":"SAVR","SubSelector":"TX","Configuration":{"QuestionDescriptionOption":"UseText"},"QuestionDescription":"We invite you to participate in a scientific experiment. Participation requires that you give you...","Choices":{"1":{"Display":"I give my informed consent to participate in this study."}},"ChoiceOrder":[1],"Validation":{"Settings":{"ForceResponse":"ON","ForceResponseType":"ON","Type":"None"}},"Language":[],"NextChoiceId":2,"NextAnswerId":1,"DataVisibility":{"Private":false,"Hidden":false},"QuestionText_Unsafe":"<div><span style=\"font-family:Arial,Helvetica,sans-serif;\">We invite you to participate in a scientific experiment. Participation requires that you give your informed consent. Before proceeding, please consider the following information:<\/span><br>\n&nbsp;<\/div>\n\n<div><span style=\"font-family:Arial,Helvetica,sans-serif;\">The survey will take about <b>3&nbsp;<\/b><span style=\"font-weight: 700;\">m<\/span><strong>inutes<\/strong>&nbsp;to complete.<br>\n<br>\nThere are no risks involved in this study.<br>\n<br>\nYou will be paid for your participation at the posted rate (provided that you complete the whole study, including demographic questions).<br>\n<br>\nYour individual privacy will be maintained in all published and written data resulting from the study.<br>\n&nbsp;<br>\nParticipation in this research study is voluntary. You may choose not to participate.<\/span><br>\n&nbsp;<\/div>\n\n<div><span style=\"font-family:Arial,Helvetica,sans-serif;\">By ticking the box below, and proceeding to the study task you certify that you have read this form, and agreed to participate in accordance with the above conditions.<\/span><\/div>","DataExportTag":"consent_form","QuestionID":"QID1214988211"}},{"SurveyID":"SV_bKGbSgTN1rqlQG2","Element":"SQ","PrimaryAttribute":"QID1215179058","SecondaryAttribute":"What is the highest level of education you have completed?","TertiaryAttribute":null,"Payload":{"QuestionText":"What is the highest level of <b>education<\/b> you have completed?","QuestionType":"MC","Selector":"SAVR","SubSelector":"TX","DataVisibility":{"Private":false,"Hidden":false},"Configuration":{"QuestionDescriptionOption":"UseText"},"QuestionDescription":"What is the highest level of education you have completed?","Choices":{"1":{"Display":"Less than High School"},"2":{"Display":"High School \/ GED"},"3":{"Display":"Some College"},"4":{"Display":"2-year College Degree"},"5":{"Display":"3- or 4-year College Degree"},"6":{"Display":"Master's Degree"},"7":{"Display":"Doctoral Degree"},"8":{"Display":"Professional Degree (JD, MD)"}},"ChoiceOrder":["1","2","3","4","5","6","7","8"],"Randomization":{"Type":"None"},"Validation":{"Settings":{"ForceResponse":"ON","ForceResponseType":"ON","Type":"None"}},"Language":[],"NextChoiceId":9,"NextAnswerId":1,"QuestionText_Unsafe":"What is the highest level of <b>education<\/b> you have completed?","DataExportTag":"Q4","QuestionID":"QID1215179058"}},{"SurveyID":"SV_bKGbSgTN1rqlQG2","Element":"SQ","PrimaryAttribute":"QID1215179057","SecondaryAttribute":"What is your age?","TertiaryAttribute":null,"Payload":{"QuestionText":"What is your age?","QuestionType":"TE","Selector":"SL","DataVisibility":{"Private":false,"Hidden":false},"Configuration":{"QuestionDescriptionOption":"UseText","AllowFreeResponse":"false"},"QuestionDescription":"What is your age?","Randomization":{"Type":"None"},"Validation":{"Settings":{"ForceResponse":"ON","ForceResponseType":"ON","Type":"MinChar","MinChars":"2","ValidDateType":"DateWithFormat","ValidPhoneType":"ValidUSPhone","ValidZipType":"ValidUSZip","ValidNumber":{"Min":"2","Max":"4"}}},"Language":[],"NextChoiceId":2,"NextAnswerId":1,"QuestionText_Unsafe":"What is your <b>age<\/b>?","SearchSource":{"AllowFreeResponse":"false"},"DataExportTag":"age","QuestionID":"QID1215179057"}},{"SurveyID":"SV_bKGbSgTN1rqlQG2","Element":"SQ","PrimaryAttribute":"QID1215179056","SecondaryAttribute":"What is your gender?","TertiaryAttribute":null,"Payload":{"QuestionText":"What is your gender?","QuestionType":"MC","Selector":"SAVR","SubSelector":"TX","DataVisibility":{"Private":false,"Hidden":false},"Configuration":{"QuestionDescriptionOption":"UseText"},"QuestionDescription":"What is your gender?","Choices":{"1":{"Display":"Male"},"2":{"Display":"Female"},"3":{"Display":"Other"}},"ChoiceOrder":["1","2","3"],"Randomization":{"Type":"None"},"Validation":{"Settings":{"ForceResponse":"ON","ForceResponseType":"ON","Type":"None"}},"Language":[],"NextChoiceId":4,"NextAnswerId":1,"QuestionText_Unsafe":"What is your <b>gender<\/b>?","DataExportTag":"gender","QuestionID":"QID1215179056"}}]}